// !$*UTF8*$!
{
	archiveVersion = 1;
	classes = {
	};
	objectVersion = 54;
	objects = {

/* Begin PBXBuildFile section */
		8F00E5CB27B52D5100A588F7 /* SDKFileHelper.cpp in Sources */ = {isa = PBXBuildFile; fileRef = 8F00E5C927B52D5100A588F7 /* SDKFileHelper.cpp */; };
		8F00E5CC27B52D5100A588F7 /* SDKPlugInEntrypoint.cpp in Sources */ = {isa = PBXBuildFile; fileRef = 8F00E5CA27B52D5100A588F7 /* SDKPlugInEntrypoint.cpp */; };
		A7515DF61A2CDCEF00B580B8 /* InDesignModel.framework in Frameworks */ = {isa = PBXBuildFile; fileRef = A7515DF41A2CDCEF00B580B8 /* InDesignModel.framework */; };
		A7515E111A2CE2B800B580B8 /* libPublicPlugIn.a in Frameworks */ = {isa = PBXBuildFile; fileRef = A7515E0F1A2CE2B800B580B8 /* libPublicPlugIn.a */; };
		A788C18819B9D11700924879 /* DLBDocHelper.cpp in Sources */ = {isa = PBXBuildFile; fileRef = A788C18219B9D11700924879 /* DLBDocHelper.cpp */; };
		A788C18A19B9D11700924879 /* TriggerResourceDeps.cpp in Sources */ = {isa = PBXBuildFile; fileRef = A788C18619B9D11700924879 /* TriggerResourceDeps.cpp */; };
		F957086415C90B3E00C95573 /* DLB.fr in Sources */ = {isa = PBXBuildFile; fileRef = 4B05EED108840E9500D809E1 /* DLB.fr */; };
		F957086615C90B3E00C95573 /* DLBNoStrip.cpp in Sources */ = {isa = PBXBuildFile; fileRef = 4B05EECD08840E9300D809E1 /* DLBNoStrip.cpp */; };
		F957086715C90B3E00C95573 /* DLBID.cpp in Sources */ = {isa = PBXBuildFile; fileRef = 4B05EECE08840E9400D809E1 /* DLBID.cpp */; };
/* End PBXBuildFile section */

/* Begin PBXBuildRule section */
		F957086F15C90B3E00C95573 /* PBXBuildRule */ = {
			isa = PBXBuildRule;
			compilerSpec = com.apple.compilers.proxy.script;
			filePatterns = "*.fr";
			fileType = pattern.proxy;
			inputFiles = (
			);
			isEditable = 1;
			outputFiles = (
				"$(REZ_COLLECTOR_DIR)/$(INPUT_FILE_NAME).rsrc",
			);
			runOncePerArchitecture = 0;
			script = "$ID_SDK_ROOT/devtools/bin/odfrc-cmd -d RELEASE -d SERVER=$SERVER_VALUE $ODFRC_ADDITIONAL_FLAGS -o \"$REZ_COLLECTOR_DIR/$INPUT_FILE_NAME.rsrc\" \"$INPUT_FILE_PATH\"\n";
		};
/* End PBXBuildRule section */

/* Begin PBXFileReference section */
		4B05EECD08840E9300D809E1 /* DLBNoStrip.cpp */ = {isa = PBXFileReference; lastKnownFileType = sourcecode.cpp.cpp; name = DLBNoStrip.cpp; path = source/DLBNoStrip.cpp; sourceTree = SOURCE_ROOT; };
		4B05EECE08840E9400D809E1 /* DLBID.cpp */ = {isa = PBXFileReference; lastKnownFileType = sourcecode.cpp.cpp; name = DLBID.cpp; path = source/DLBID.cpp; sourceTree = SOURCE_ROOT; };
		4B05EECF08840E9400D809E1 /* DLBID.h */ = {isa = PBXFileReference; lastKnownFileType = sourcecode.c.h; name = DLBID.h; path = source/DLBID.h; sourceTree = SOURCE_ROOT; };
		4B05EED108840E9500D809E1 /* DLB.fr */ = {isa = PBXFileReference; lastKnownFileType = text; name = DLB.fr; path = source/DLB.fr; sourceTree = SOURCE_ROOT; };
		77355572120250EF00E6FC19 /* Info.plist */ = {isa = PBXFileReference; fileEncoding = 4; lastKnownFileType = text.plist.xml; name = Info.plist; path = ../../../source/sdksamples/common/Info.plist; sourceTree = SOURCE_ROOT; };
		77D687F4113861B500D56A9C /* DocLibPlugin_release.xcconfig */ = {isa = PBXFileReference; fileEncoding = 4; lastKnownFileType = text.xcconfig; path = DocLibPlugin_release.xcconfig; sourceTree = "<group>"; };
		5E54076200000000C0DE2026 /* DocLib_2026.xcconfig */ = {isa = PBXFileReference; lastKnownFileType = text.xcconfig; path = DocLib_2026.xcconfig; sourceTree = "<group>"; };
		5E54076200000000C0DE2025 /* DocLib_2025.xcconfig */ = {isa = PBXFileReference; lastKnownFileType = text.xcconfig; path = DocLib_2025.xcconfig; sourceTree = "<group>"; };
		5E54076300000000C0DE2026 /* DocLibRelease_2026.xcconfig */ = {isa = PBXFileReference; lastKnownFileType = text.xcconfig; path = DocLibRelease_2026.xcconfig; sourceTree = "<group>"; };
		5E54076300000000C0DE2025 /* DocLibRelease_2025.xcconfig */ = {isa = PBXFileReference; lastKnownFileType = text.xcconfig; path = DocLibRelease_2025.xcconfig; sourceTree = "<group>"; };
		7FE5845A08AD6DB8007DB654 /* DocLibPlugin.xcconfig */ = {isa = PBXFileReference; fileEncoding = 30; lastKnownFileType = text.xcconfig; path = DocLibPlugin.xcconfig; sourceTree = SOURCE_ROOT; };
		8F00E5C927B52D5100A588F7 /* SDKFileHelper.cpp */ = {isa = PBXFileReference; fileEncoding = 4; lastKnownFileType = sourcecode.cpp.cpp; name = SDKFileHelper.cpp; path = "$(ID_SDK_ROOT)/source/sdksamples/common/SDKFileHelper.cpp"; sourceTree = "<absolute>"; };
		8F00E5CA27B52D5100A588F7 /* SDKPlugInEntrypoint.cpp */ = {isa = PBXFileReference; fileEncoding = 4; lastKnownFileType = sourcecode.cpp.cpp; name = SDKPlugInEntrypoint.cpp; path = "$(ID_SDK_ROOT)/source/sdksamples/common/SDKPlugInEntrypoint.cpp"; sourceTree = "<absolute>"; };
		8F4C45F227B661BD007DF64F /* DLB_enUS.fr */ = {isa = PBXFileReference; fileEncoding = 4; lastKnownFileType = text; name = DLB_enUS.fr; path = source/DLB_enUS.fr; sourceTree = "<group>"; };
		8F4C45F427B661CC007DF64F /* DLB_frFR.fr */ = {isa = PBXFileReference; lastKnownFileType = text; name = DLB_frFR.fr; path = source/DLB_frFR.fr; sourceTree = "<group>"; };
		A7515DF41A2CDCEF00B580B8 /* InDesignModel.framework */ = {isa = PBXFileReference; lastKnownFileType = wrapper.framework; name = InDesignModel.framework; path = /Users/macmini2024/AdobeSDKs/adobe_indesign_CC2026_Products_SDK/build/mac/release_cocoa64/packagefolder/contents/macos/InDesignModel.framework; sourceTree = "<absolute>"; };
		A7515E0F1A2CE2B800B580B8 /* libPublicPlugIn.a */ = {isa = PBXFileReference; lastKnownFileType = archive.ar; name = libPublicPlugIn.a; path = ../../../../../../AdobeSDKs/adobe_indesign_CC2026_Products_SDK/build/mac/release_cocoa64/packagefolder/contents/macos/libs/libPublicPlugIn.a; sourceTree = "<group>"; };
		A788C18219B9D11700924879 /* DLBDocHelper.cpp */ = {isa = PBXFileReference; fileEncoding = 4; lastKnownFileType = sourcecode.cpp.cpp; name = DLBDocHelper.cpp; path = source/DLBDocHelper.cpp; sourceTree = "<group>"; };
		A788C18319B9D11700924879 /* DLBDocHelper.h */ = {isa = PBXFileReference; fileEncoding = 4; lastKnownFileType = sourcecode.c.h; name = DLBDocHelper.h; path = source/DLBDocHelper.h; sourceTree = "<group>"; };
		A788C18419B9D11700924879 /* DLBFactoryList.h */ = {isa = PBXFileReference; fileEncoding = 4; lastKnownFileType = sourcecode.c.h; name = DLBFactoryList.h; path = source/DLBFactoryList.h; sourceTree = "<group>"; };
		A788C18519B9D11700924879 /* IDocHelper.h */ = {isa = PBXFileReference; fileEncoding = 4; lastKnownFileType = sourcecode.c.h; name = IDocHelper.h; path = source/IDocHelper.h; sourceTree = "<group>"; };
		A788C18619B9D11700924879 /* TriggerResourceDeps.cpp */ = {isa = PBXFileReference; fileEncoding = 4; lastKnownFileType = sourcecode.cpp.cpp; name = TriggerResourceDeps.cpp; path = source/TriggerResourceDeps.cpp; sourceTree = "<group>"; };
/* End PBXFileReference section */

/* Begin PBXFrameworksBuildPhase section */
		F957086B15C90B3E00C95573 /* Frameworks */ = {
			isa = PBXFrameworksBuildPhase;
			buildActionMask = 2147483647;
			files = (
			);
			runOnlyForDeploymentPostprocessing = 0;
		};
/* End PBXFrameworksBuildPhase section */

/* Begin PBXGroup section */
		4B05EEAD08840E8D00D809E1 = {
			isa = PBXGroup;
			children = (
				4B05EEC708840E8D00D809E1 /* Source */,
				4B05EED008840E9400D809E1 /* Resources */,
				7F52248408AFCE1F00139994 /* xcconfig */,
				F957084215C90B2D00C95573 /* InDesign Libraries */,
				77355572120250EF00E6FC19 /* Info.plist */,
			);
			sourceTree = "<group>";
		};
		4B05EEC708840E8D00D809E1 /* Source */ = {
			isa = PBXGroup;
			children = (
				A788C18219B9D11700924879 /* DLBDocHelper.cpp */,
				A788C18319B9D11700924879 /* DLBDocHelper.h */,
				A788C18419B9D11700924879 /* DLBFactoryList.h */,
				A788C18519B9D11700924879 /* IDocHelper.h */,
				A788C18619B9D11700924879 /* TriggerResourceDeps.cpp */,
				4B05EECB08840E9100D809E1 /* Plugin */,
			);
			name = Source;
			sourceTree = "<group>";
		};
		4B05EECB08840E9100D809E1 /* Plugin */ = {
			isa = PBXGroup;
			children = (
				8F00E5C927B52D5100A588F7 /* SDKFileHelper.cpp */,
				8F00E5CA27B52D5100A588F7 /* SDKPlugInEntrypoint.cpp */,
				4B05EECD08840E9300D809E1 /* DLBNoStrip.cpp */,
				4B05EECF08840E9400D809E1 /* DLBID.h */,
				4B05EECE08840E9400D809E1 /* DLBID.cpp */,
			);
			name = Plugin;
			sourceTree = "<group>";
		};
		4B05EED008840E9400D809E1 /* Resources */ = {
			isa = PBXGroup;
			children = (
				8F4C45F427B661CC007DF64F /* DLB_frFR.fr */,
				8F4C45F227B661BD007DF64F /* DLB_enUS.fr */,
				4B05EED108840E9500D809E1 /* DLB.fr */,
			);
			name = Resources;
			sourceTree = "<group>";
		};
		7F52248408AFCE1F00139994 /* xcconfig */ = {
			isa = PBXGroup;
			children = (
				7FE5845A08AD6DB8007DB654 /* DocLibPlugin.xcconfig */,
				77D687F4113861B500D56A9C /* DocLibPlugin_release.xcconfig */,
			);
			name = xcconfig;
			sourceTree = "<group>";
		};
		F957084215C90B2D00C95573 /* InDesign Libraries */ = {
			isa = PBXGroup;
			children = (
				F957084915C90B2D00C95573 /* For Cocoa64 */,
			);
			name = "InDesign Libraries";
			sourceTree = "<group>";
		};
		F957084915C90B2D00C95573 /* For Cocoa64 */ = {
			isa = PBXGroup;
			children = (
				A7515E0F1A2CE2B800B580B8 /* libPublicPlugIn.a */,
				A7515DF41A2CDCEF00B580B8 /* InDesignModel.framework */,
			);
			name = "For Cocoa64";
			sourceTree = "<group>";
		};
/* End PBXGroup section */

/* Begin PBXNativeTarget section */
		F957086215C90B3E00C95573 /* Release_Cocoa64 */ = {
			isa = PBXNativeTarget;
			buildConfigurationList = F957087015C90B3E00C95573 /* Build configuration list for PBXNativeTarget "Release_Cocoa64" */;
			buildPhases = (
				F957086315C90B3E00C95573 /* Sources */,
				F957086B15C90B3E00C95573 /* Frameworks */,
				F957086C15C90B3E00C95573 /* Rez */,
				F957086D15C90B3E00C95573 /* Resources */,
				F957086E15C90B3E00C95573 /* ShellScript */,
			);
			buildRules = (
				F957086F15C90B3E00C95573 /* PBXBuildRule */,
			);
			dependencies = (
			);
			name = Release_Cocoa64;
			productName = Release;
			productType = "com.apple.product-type.framework";
		};
/* End PBXNativeTarget section */

/* Begin PBXProject section */
		4B05EEAF08840E8D00D809E1 /* Project object */ = {
			isa = PBXProject;
			attributes = {
				LastUpgradeCheck = 1310;
			};
			buildConfigurationList = 4B05EEB008840E8D00D809E1 /* Build configuration list for PBXProject "DocLib" */;
			compatibilityVersion = "Xcode 3.2";
			developmentRegion = en;
			hasScannedForEncodings = 0;
			knownRegions = (
				de,
				en,
				Base,
				ja,
				fr,
			);
			mainGroup = 4B05EEAD08840E8D00D809E1;
			projectDirPath = "";
			projectRoot = "";
			targets = (
				F957086215C90B3E00C95573 /* Release_Cocoa64 */,
			);
		};
/* End PBXProject section */

/* Begin PBXResourcesBuildPhase section */
		F957086D15C90B3E00C95573 /* Resources */ = {
			isa = PBXResourcesBuildPhase;
			buildActionMask = 2147483647;
			files = (
			);
			runOnlyForDeploymentPostprocessing = 0;
		};
/* End PBXResourcesBuildPhase section */

/* Begin PBXRezBuildPhase section */
		F957086C15C90B3E00C95573 /* Rez */ = {
			isa = PBXRezBuildPhase;
			buildActionMask = 2147483647;
			files = (
			);
			runOnlyForDeploymentPostprocessing = 0;
		};
/* End PBXRezBuildPhase section */

/* Begin PBXShellScriptBuildPhase section */
		F957086E15C90B3E00C95573 /* ShellScript */ = {
			isa = PBXShellScriptBuildPhase;
			buildActionMask = 2147483647;
			files = (
			);
			inputPaths = (
			);
			outputPaths = (
			);
			runOnlyForDeploymentPostprocessing = 0;
			shellPath = /bin/sh;
			shellScript = "\"$ID_SDK_ROOT/build/mac/packagescripts/copyResources.sh\"";
			showEnvVarsInLog = 0;
		};
/* End PBXShellScriptBuildPhase section */

/* Begin PBXSourcesBuildPhase section */
		F957086315C90B3E00C95573 /* Sources */ = {
			isa = PBXSourcesBuildPhase;
			buildActionMask = 2147483647;
			files = (
				A788C18A19B9D11700924879 /* TriggerResourceDeps.cpp in Sources */,
				A788C18819B9D11700924879 /* DLBDocHelper.cpp in Sources */,
				8F00E5CB27B52D5100A588F7 /* SDKFileHelper.cpp in Sources */,
				F957086415C90B3E00C95573 /* DLB.fr in Sources */,
				F957086615C90B3E00C95573 /* DLBNoStrip.cpp in Sources */,
				8F00E5CC27B52D5100A588F7 /* SDKPlugInEntrypoint.cpp in Sources */,
				F957086715C90B3E00C95573 /* DLBID.cpp in Sources */,
			);
			runOnlyForDeploymentPostprocessing = 0;
		};
/* End PBXSourcesBuildPhase section */

/* Begin XCBuildConfiguration section */
		4B05EEB108840E8D00D809E1 /* Default */ = {
			isa = XCBuildConfiguration;
			baseConfigurationReference = 5E54076200000000C0DE2026 /* DocLib_2026.xcconfig */;
			buildSettings = {
				BUILT_PRODUCTS_DIR = "$(ID_BUILT_SDK_SAMPLES_DIR)";
				CLANG_ANALYZER_LOCALIZABILITY_NONLOCALIZED = YES;
				CLANG_WARN_BLOCK_CAPTURE_AUTORELEASING = YES;
				CLANG_WARN_BOOL_CONVERSION = YES;
				CLANG_WARN_COMMA = YES;
				CLANG_WARN_CONSTANT_CONVERSION = YES;
				CLANG_WARN_DEPRECATED_OBJC_IMPLEMENTATIONS = YES;
				CLANG_WARN_EMPTY_BODY = YES;
				CLANG_WARN_ENUM_CONVERSION = YES;
				CLANG_WARN_INFINITE_RECURSION = YES;
				CLANG_WARN_INT_CONVERSION = YES;
				CLANG_WARN_NON_LITERAL_NULL_CONVERSION = YES;
				CLANG_WARN_OBJC_IMPLICIT_RETAIN_SELF = YES;
				CLANG_WARN_OBJC_LITERAL_CONVERSION = YES;
				CLANG_WARN_QUOTED_INCLUDE_IN_FRAMEWORK_HEADER = YES;
				CLANG_WARN_RANGE_LOOP_ANALYSIS = YES;
				CLANG_WARN_STRICT_PROTOTYPES = YES;
				CLANG_WARN_SUSPICIOUS_MOVE = YES;
				CLANG_WARN_UNREACHABLE_CODE = YES;
				CLANG_WARN__DUPLICATE_METHOD_MATCH = YES;
				ENABLE_STRICT_OBJC_MSGSEND = YES;
				GCC_NO_COMMON_BLOCKS = YES;
				GCC_WARN_64_TO_32_BIT_CONVERSION = YES;
				GCC_WARN_UNDECLARED_SELECTOR = YES;
				GCC_WARN_UNINITIALIZED_AUTOS = YES;
				GCC_WARN_UNUSED_PARAMETER = YES;
				GCC_WARN_UNUSED_VARIABLE = YES;
				HEADER_SEARCH_PATHS = (
					"$(HEADER_SEARCH_PATHS)",
					$ID_SDK_ROOT/source/public/interfaces/tables,
					$ID_SDK_ROOT/source/public/components/widgetbin/includes,
					$ID_SDK_ROOT/source/public/interfaces/workgroup,
					$ID_SDK_ROOT/source/public/interfaces/interactive,
					$ID_SDK_ROOT/source/public/interfaces/interactive/ui,
					$ID_SDK_ROOT/source/public/interfaces/colormgmt,
					$ID_SDK_ROOT/source/public/interfaces/incopy,
					$ID_SDK_ROOT/source/public/interfaces/cjk,
					$ID_SDK_ROOT/source/public/facades/graphics,
					$ID_SDK_ROOT/source/public/facades/text,
					$ID_SDK_ROOT/source/public/facades/layout,
					$ID_SDK_ROOT/source/public/components/publiclib/plugins,
					$ID_SDK_ROOT/source/public/components/publiclib/files,
					$ID_SDK_ROOT/source/public/components/publiclib/objectmodel,
					$ID_SDK_ROOT/source/sdksamples/common,
					$ID_SDK_ROOT/external/afl/includes,
					source,
				);
				INFOPLIST_FILE = $ID_SDK_ROOT/source/sdksamples/common/Info.plist;
				INFOPLIST_PREPROCESS = YES;
				PLC_OUTPUT_TYPE = InDa;
				PRODUCT_NAME = DocLib;
			};
			name = Client-2026;
		};
		5E5407C000000000C0DE2026 /* Default */ = {
			isa = XCBuildConfiguration;
			baseConfigurationReference = 5E54076200000000C0DE2026 /* DocLib_2026.xcconfig */;
			buildSettings = {
				BUILT_PRODUCTS_DIR = "$(ID_BUILT_SDK_SAMPLES_DIR)";
				CLANG_ANALYZER_LOCALIZABILITY_NONLOCALIZED = YES;
				CLANG_WARN_BLOCK_CAPTURE_AUTORELEASING = YES;
				CLANG_WARN_BOOL_CONVERSION = YES;
				CLANG_WARN_COMMA = YES;
				CLANG_WARN_CONSTANT_CONVERSION = YES;
				CLANG_WARN_DEPRECATED_OBJC_IMPLEMENTATIONS = YES;
				CLANG_WARN_EMPTY_BODY = YES;
				CLANG_WARN_ENUM_CONVERSION = YES;
				CLANG_WARN_INFINITE_RECURSION = YES;
				CLANG_WARN_INT_CONVERSION = YES;
				CLANG_WARN_NON_LITERAL_NULL_CONVERSION = YES;
				CLANG_WARN_OBJC_IMPLICIT_RETAIN_SELF = YES;
				CLANG_WARN_OBJC_LITERAL_CONVERSION = YES;
				CLANG_WARN_QUOTED_INCLUDE_IN_FRAMEWORK_HEADER = YES;
				CLANG_WARN_RANGE_LOOP_ANALYSIS = YES;
				CLANG_WARN_STRICT_PROTOTYPES = YES;
				CLANG_WARN_SUSPICIOUS_MOVE = YES;
				CLANG_WARN_UNREACHABLE_CODE = YES;
				CLANG_WARN__DUPLICATE_METHOD_MATCH = YES;
				ENABLE_STRICT_OBJC_MSGSEND = YES;
				GCC_NO_COMMON_BLOCKS = YES;
				GCC_WARN_64_TO_32_BIT_CONVERSION = YES;
				GCC_WARN_UNDECLARED_SELECTOR = YES;
				GCC_WARN_UNINITIALIZED_AUTOS = YES;
				GCC_WARN_UNUSED_PARAMETER = YES;
				GCC_WARN_UNUSED_VARIABLE = YES;
				HEADER_SEARCH_PATHS = (
					"$(HEADER_SEARCH_PATHS)",
					$ID_SDK_ROOT/source/public/interfaces/tables,
					$ID_SDK_ROOT/source/public/components/widgetbin/includes,
					$ID_SDK_ROOT/source/public/interfaces/workgroup,
					$ID_SDK_ROOT/source/public/interfaces/interactive,
					$ID_SDK_ROOT/source/public/interfaces/interactive/ui,
					$ID_SDK_ROOT/source/public/interfaces/colormgmt,
					$ID_SDK_ROOT/source/public/interfaces/incopy,
					$ID_SDK_ROOT/source/public/interfaces/cjk,
					$ID_SDK_ROOT/source/public/facades/graphics,
					$ID_SDK_ROOT/source/public/facades/text,
					$ID_SDK_ROOT/source/public/facades/layout,
					$ID_SDK_ROOT/source/public/components/publiclib/plugins,
					$ID_SDK_ROOT/source/public/components/publiclib/files,
					$ID_SDK_ROOT/source/public/components/publiclib/objectmodel,
					$ID_SDK_ROOT/source/sdksamples/common,
					$ID_SDK_ROOT/external/afl/includes,
					source,
				);
				INFOPLIST_FILE = $ID_SDK_ROOT/source/sdksamples/common/Info.plist;
				INFOPLIST_PREPROCESS = YES;
				PLC_OUTPUT_TYPE = InDa;
				PRODUCT_NAME = DocLib;
			};
			name = Server-2026;
		};
		5E5407C000000000C0DE2025 /* Default */ = {
			isa = XCBuildConfiguration;
			baseConfigurationReference = 5E54076200000000C0DE2025 /* DocLib_2025.xcconfig */;
			buildSettings = {
				BUILT_PRODUCTS_DIR = "$(ID_BUILT_SDK_SAMPLES_DIR)";
				CLANG_ANALYZER_LOCALIZABILITY_NONLOCALIZED = YES;
				CLANG_WARN_BLOCK_CAPTURE_AUTORELEASING = YES;
				CLANG_WARN_BOOL_CONVERSION = YES;
				CLANG_WARN_COMMA = YES;
				CLANG_WARN_CONSTANT_CONVERSION = YES;
				CLANG_WARN_DEPRECATED_OBJC_IMPLEMENTATIONS = YES;
				CLANG_WARN_EMPTY_BODY = YES;
				CLANG_WARN_ENUM_CONVERSION = YES;
				CLANG_WARN_INFINITE_RECURSION = YES;
				CLANG_WARN_INT_CONVERSION = YES;
				CLANG_WARN_NON_LITERAL_NULL_CONVERSION = YES;
				CLANG_WARN_OBJC_IMPLICIT_RETAIN_SELF = YES;
				CLANG_WARN_OBJC_LITERAL_CONVERSION = YES;
				CLANG_WARN_QUOTED_INCLUDE_IN_FRAMEWORK_HEADER = YES;
				CLANG_WARN_RANGE_LOOP_ANALYSIS = YES;
				CLANG_WARN_STRICT_PROTOTYPES = YES;
				CLANG_WARN_SUSPICIOUS_MOVE = YES;
				CLANG_WARN_UNREACHABLE_CODE = YES;
				CLANG_WARN__DUPLICATE_METHOD_MATCH = YES;
				ENABLE_STRICT_OBJC_MSGSEND = YES;
				GCC_NO_COMMON_BLOCKS = YES;
				GCC_WARN_64_TO_32_BIT_CONVERSION = YES;
				GCC_WARN_UNDECLARED_SELECTOR = YES;
				GCC_WARN_UNINITIALIZED_AUTOS = YES;
				GCC_WARN_UNUSED_PARAMETER = YES;
				GCC_WARN_UNUSED_VARIABLE = YES;
				HEADER_SEARCH_PATHS = (
					"$(HEADER_SEARCH_PATHS)",
					$ID_SDK_ROOT/source/public/interfaces/tables,
					$ID_SDK_ROOT/source/public/components/widgetbin/includes,
					$ID_SDK_ROOT/source/public/interfaces/workgroup,
					$ID_SDK_ROOT/source/public/interfaces/interactive,
					$ID_SDK_ROOT/source/public/interfaces/interactive/ui,
					$ID_SDK_ROOT/source/public/interfaces/colormgmt,
					$ID_SDK_ROOT/source/public/interfaces/incopy,
					$ID_SDK_ROOT/source/public/interfaces/cjk,
					$ID_SDK_ROOT/source/public/facades/graphics,
					$ID_SDK_ROOT/source/public/facades/text,
					$ID_SDK_ROOT/source/public/facades/layout,
					$ID_SDK_ROOT/source/public/components/publiclib/plugins,
					$ID_SDK_ROOT/source/public/components/publiclib/files,
					$ID_SDK_ROOT/source/public/components/publiclib/objectmodel,
					$ID_SDK_ROOT/source/sdksamples/common,
					$ID_SDK_ROOT/external/afl/includes,
					source,
				);
				INFOPLIST_FILE = $ID_SDK_ROOT/source/sdksamples/common/Info.plist;
				INFOPLIST_PREPROCESS = YES;
				PLC_OUTPUT_TYPE = InDa;
				PRODUCT_NAME = DocLib;
			};
			name = Client-2025;
		};
		5E5407C100000000C0DE2025 /* Default */ = {
			isa = XCBuildConfiguration;
			baseConfigurationReference = 5E54076200000000C0DE2025 /* DocLib_2025.xcconfig */;
			buildSettings = {
				BUILT_PRODUCTS_DIR = "$(ID_BUILT_SDK_SAMPLES_DIR)";
				CLANG_ANALYZER_LOCALIZABILITY_NONLOCALIZED = YES;
				CLANG_WARN_BLOCK_CAPTURE_AUTORELEASING = YES;
				CLANG_WARN_BOOL_CONVERSION = YES;
				CLANG_WARN_COMMA = YES;
				CLANG_WARN_CONSTANT_CONVERSION = YES;
				CLANG_WARN_DEPRECATED_OBJC_IMPLEMENTATIONS = YES;
				CLANG_WARN_EMPTY_BODY = YES;
				CLANG_WARN_ENUM_CONVERSION = YES;
				CLANG_WARN_INFINITE_RECURSION = YES;
				CLANG_WARN_INT_CONVERSION = YES;
				CLANG_WARN_NON_LITERAL_NULL_CONVERSION = YES;
				CLANG_WARN_OBJC_IMPLICIT_RETAIN_SELF = YES;
				CLANG_WARN_OBJC_LITERAL_CONVERSION = YES;
				CLANG_WARN_QUOTED_INCLUDE_IN_FRAMEWORK_HEADER = YES;
				CLANG_WARN_RANGE_LOOP_ANALYSIS = YES;
				CLANG_WARN_STRICT_PROTOTYPES = YES;
				CLANG_WARN_SUSPICIOUS_MOVE = YES;
				CLANG_WARN_UNREACHABLE_CODE = YES;
				CLANG_WARN__DUPLICATE_METHOD_MATCH = YES;
				ENABLE_STRICT_OBJC_MSGSEND = YES;
				GCC_NO_COMMON_BLOCKS = YES;
				GCC_WARN_64_TO_32_BIT_CONVERSION = YES;
				GCC_WARN_UNDECLARED_SELECTOR = YES;
				GCC_WARN_UNINITIALIZED_AUTOS = YES;
				GCC_WARN_UNUSED_PARAMETER = YES;
				GCC_WARN_UNUSED_VARIABLE = YES;
				HEADER_SEARCH_PATHS = (
					"$(HEADER_SEARCH_PATHS)",
					$ID_SDK_ROOT/source/public/interfaces/tables,
					$ID_SDK_ROOT/source/public/components/widgetbin/includes,
					$ID_SDK_ROOT/source/public/interfaces/workgroup,
					$ID_SDK_ROOT/source/public/interfaces/interactive,
					$ID_SDK_ROOT/source/public/interfaces/interactive/ui,
					$ID_SDK_ROOT/source/public/interfaces/colormgmt,
					$ID_SDK_ROOT/source/public/interfaces/incopy,
					$ID_SDK_ROOT/source/public/interfaces/cjk,
					$ID_SDK_ROOT/source/public/facades/graphics,
					$ID_SDK_ROOT/source/public/facades/text,
					$ID_SDK_ROOT/source/public/facades/layout,
					$ID_SDK_ROOT/source/public/components/publiclib/plugins,
					$ID_SDK_ROOT/source/public/components/publiclib/files,
					$ID_SDK_ROOT/source/public/components/publiclib/objectmodel,
					$ID_SDK_ROOT/source/sdksamples/common,
					$ID_SDK_ROOT/external/afl/includes,
					source,
				);
				INFOPLIST_FILE = $ID_SDK_ROOT/source/sdksamples/common/Info.plist;
				INFOPLIST_PREPROCESS = YES;
				PLC_OUTPUT_TYPE = InDa;
				PRODUCT_NAME = DocLib;
			};
			name = Server-2025;
		};
		5E5407C200000000C0DE2026 /* Default */ = {
			isa = XCBuildConfiguration;
			baseConfigurationReference = 5E54076200000000C0DE2026 /* DocLib_2026.xcconfig */;
			buildSettings = {
				BUILT_PRODUCTS_DIR = "$(ID_BUILT_SDK_SAMPLES_DIR)";
				CLANG_ANALYZER_LOCALIZABILITY_NONLOCALIZED = YES;
				CLANG_WARN_BLOCK_CAPTURE_AUTORELEASING = YES;
				CLANG_WARN_BOOL_CONVERSION = YES;
				CLANG_WARN_COMMA = YES;
				CLANG_WARN_CONSTANT_CONVERSION = YES;
				CLANG_WARN_DEPRECATED_OBJC_IMPLEMENTATIONS = YES;
				CLANG_WARN_EMPTY_BODY = YES;
				CLANG_WARN_ENUM_CONVERSION = YES;
				CLANG_WARN_INFINITE_RECURSION = YES;
				CLANG_WARN_INT_CONVERSION = YES;
				CLANG_WARN_NON_LITERAL_NULL_CONVERSION = YES;
				CLANG_WARN_OBJC_IMPLICIT_RETAIN_SELF = YES;
				CLANG_WARN_OBJC_LITERAL_CONVERSION = YES;
				CLANG_WARN_QUOTED_INCLUDE_IN_FRAMEWORK_HEADER = YES;
				CLANG_WARN_RANGE_LOOP_ANALYSIS = YES;
				CLANG_WARN_STRICT_PROTOTYPES = YES;
				CLANG_WARN_SUSPICIOUS_MOVE = YES;
				CLANG_WARN_UNREACHABLE_CODE = YES;
				CLANG_WARN__DUPLICATE_METHOD_MATCH = YES;
				ENABLE_STRICT_OBJC_MSGSEND = YES;
				GCC_NO_COMMON_BLOCKS = YES;
				GCC_WARN_64_TO_32_BIT_CONVERSION = YES;
				GCC_WARN_UNDECLARED_SELECTOR = YES;
				GCC_WARN_UNINITIALIZED_AUTOS = YES;
				GCC_WARN_UNUSED_PARAMETER = YES;
				GCC_WARN_UNUSED_VARIABLE = YES;
				HEADER_SEARCH_PATHS = (
					"$(HEADER_SEARCH_PATHS)",
					$ID_SDK_ROOT/source/public/interfaces/tables,
					$ID_SDK_ROOT/source/public/components/widgetbin/includes,
					$ID_SDK_ROOT/source/public/interfaces/workgroup,
					$ID_SDK_ROOT/source/public/interfaces/interactive,
					$ID_SDK_ROOT/source/public/interfaces/interactive/ui,
					$ID_SDK_ROOT/source/public/interfaces/colormgmt,
					$ID_SDK_ROOT/source/public/interfaces/incopy,
					$ID_SDK_ROOT/source/public/interfaces/cjk,
					$ID_SDK_ROOT/source/public/facades/graphics,
					$ID_SDK_ROOT/source/public/facades/text,
					$ID_SDK_ROOT/source/public/facades/layout,
					$ID_SDK_ROOT/source/public/components/publiclib/plugins,
					$ID_SDK_ROOT/source/public/components/publiclib/files,
					$ID_SDK_ROOT/source/public/components/publiclib/objectmodel,
					$ID_SDK_ROOT/source/sdksamples/common,
					$ID_SDK_ROOT/external/afl/includes,
					source,
				);
				INFOPLIST_FILE = $ID_SDK_ROOT/source/sdksamples/common/Info.plist;
				INFOPLIST_PREPROCESS = YES;
				PLC_OUTPUT_TYPE = InDa;
				PRODUCT_NAME = DocLib;
			};
			name = Client-2026-Intel;
		};
		5E5407C300000000C0DE2025 /* Default */ = {
			isa = XCBuildConfiguration;
			baseConfigurationReference = 5E54076200000000C0DE2025 /* DocLib_2025.xcconfig */;
			buildSettings = {
				BUILT_PRODUCTS_DIR = "$(ID_BUILT_SDK_SAMPLES_DIR)";
				CLANG_ANALYZER_LOCALIZABILITY_NONLOCALIZED = YES;
				CLANG_WARN_BLOCK_CAPTURE_AUTORELEASING = YES;
				CLANG_WARN_BOOL_CONVERSION = YES;
				CLANG_WARN_COMMA = YES;
				CLANG_WARN_CONSTANT_CONVERSION = YES;
				CLANG_WARN_DEPRECATED_OBJC_IMPLEMENTATIONS = YES;
				CLANG_WARN_EMPTY_BODY = YES;
				CLANG_WARN_ENUM_CONVERSION = YES;
				CLANG_WARN_INFINITE_RECURSION = YES;
				CLANG_WARN_INT_CONVERSION = YES;
				CLANG_WARN_NON_LITERAL_NULL_CONVERSION = YES;
				CLANG_WARN_OBJC_IMPLICIT_RETAIN_SELF = YES;
				CLANG_WARN_OBJC_LITERAL_CONVERSION = YES;
				CLANG_WARN_QUOTED_INCLUDE_IN_FRAMEWORK_HEADER = YES;
				CLANG_WARN_RANGE_LOOP_ANALYSIS = YES;
				CLANG_WARN_STRICT_PROTOTYPES = YES;
				CLANG_WARN_SUSPICIOUS_MOVE = YES;
				CLANG_WARN_UNREACHABLE_CODE = YES;
				CLANG_WARN__DUPLICATE_METHOD_MATCH = YES;
				ENABLE_STRICT_OBJC_MSGSEND = YES;
				GCC_NO_COMMON_BLOCKS = YES;
				GCC_WARN_64_TO_32_BIT_CONVERSION = YES;
				GCC_WARN_UNDECLARED_SELECTOR = YES;
				GCC_WARN_UNINITIALIZED_AUTOS = YES;
				GCC_WARN_UNUSED_PARAMETER = YES;
				GCC_WARN_UNUSED_VARIABLE = YES;
				HEADER_SEARCH_PATHS = (
					"$(HEADER_SEARCH_PATHS)",
					$ID_SDK_ROOT/source/public/interfaces/tables,
					$ID_SDK_ROOT/source/public/components/widgetbin/includes,
					$ID_SDK_ROOT/source/public/interfaces/workgroup,
					$ID_SDK_ROOT/source/public/interfaces/interactive,
					$ID_SDK_ROOT/source/public/interfaces/interactive/ui,
					$ID_SDK_ROOT/source/public/interfaces/colormgmt,
					$ID_SDK_ROOT/source/public/interfaces/incopy,
					$ID_SDK_ROOT/source/public/interfaces/cjk,
					$ID_SDK_ROOT/source/public/facades/graphics,
					$ID_SDK_ROOT/source/public/facades/text,
					$ID_SDK_ROOT/source/public/facades/layout,
					$ID_SDK_ROOT/source/public/components/publiclib/plugins,
					$ID_SDK_ROOT/source/public/components/publiclib/files,
					$ID_SDK_ROOT/source/public/components/publiclib/objectmodel,
					$ID_SDK_ROOT/source/sdksamples/common,
					$ID_SDK_ROOT/external/afl/includes,
					source,
				);
				INFOPLIST_FILE = $ID_SDK_ROOT/source/sdksamples/common/Info.plist;
				INFOPLIST_PREPROCESS = YES;
				PLC_OUTPUT_TYPE = InDa;
				PRODUCT_NAME = DocLib;
			};
			name = Client-2025-Intel;
		};
		F957087115C90B3E00C95573 /* Default */ = {
			isa = XCBuildConfiguration;
			baseConfigurationReference = 5E54076300000000C0DE2026 /* DocLibRelease_2026.xcconfig */;
			buildSettings = {
				APL_HEADER_SEARCH_PATHS = "$(ASL_HEADER_ROOT_SEARCH_PATH)/adobe_platform_libraries $(ASL_HEADER_ROOT_SEARCH_PATH)/adobe_platform_libraries";
				BUILT_PRODUCTS_DIR = "$(ID_BUILT_SDK_SAMPLES_DIR)";
				CLANG_ENABLE_OBJC_WEAK = YES;
				CODE_SIGN_IDENTITY = "Developer ID Application";
				CODE_SIGN_STYLE = Manual;
				COMBINE_HIDPI_IMAGES = YES;
				DEVELOPMENT_TEAM = 3WBLWC32YG;
				FRAMEWORK_SEARCH_PATHS = (
					"$(inherited)",
					"$(ID_SDK_ROOT)/build/mac/release_cocoa64/packagefolder/contents/macos",
				);
				GCC_TREAT_WARNINGS_AS_ERRORS = NO;
				HEADER_SEARCH_PATHS = (
					"$(HEADER_SEARCH_PATHS)",
					$ID_SDK_ROOT/source/public/interfaces/tables,
					$ID_SDK_ROOT/source/public/components/widgetbin/includes,
					$ID_SDK_ROOT/source/public/interfaces/workgroup,
					$ID_SDK_ROOT/source/public/interfaces/interactive,
					$ID_SDK_ROOT/source/public/interfaces/interactive/ui,
					$ID_SDK_ROOT/source/public/interfaces/colormgmt,
					$ID_SDK_ROOT/source/public/interfaces/incopy,
					$ID_SDK_ROOT/source/public/interfaces/cjk,
					$ID_SDK_ROOT/source/public/facades/graphics,
					$ID_SDK_ROOT/source/public/facades/text,
					$ID_SDK_ROOT/source/public/facades/layout,
					$ID_SDK_ROOT/source/public/components/publiclib/plugins,
					$ID_SDK_ROOT/source/public/components/publiclib/files,
					$ID_SDK_ROOT/source/public/components/publiclib/objectmodel,
					$ID_SDK_ROOT/source/sdksamples/common,
					$ID_SDK_ROOT/external/afl/includes,
					source,
					$ID_SDK_ROOT/external/dva/third_party/boost_libraries,
				);
				LIBRARY_SEARCH_PATHS = (
					"$(inherited)",
					"$(ID_SDK_ROOT)",
					"$(ID_SDK_ROOT)/build/mac/release_cocoa64/packagefolder/contents/macos/libs",
					"$(ID_SDK_ROOT)/build/mac/release_cocoa64/packagefolder/contents/macos",
					"$(PROJECT_DIR)",
				);
				OTHER_LDFLAGS = (
					"-Xlinker",
					"-no_data_in_code_info",
					"-ld_classic",
					"-framework",
					CoreFoundation,
					"-framework",
					CFNetwork,
					"-framework",
					SystemConfiguration,
					"-framework",
					Security,
					"-lz",
					"-framework",
					"InDesignModel",
					"-lPublicPlugIn",
				);
				PROVISIONING_PROFILE_SPECIFIER = "";
				REZ_SEARCH_PATHS = (
					"$(ID_COMMON_REZ_SEARCH_PATHS)",
					"$(ID_SDK_ROOT)/external/palettes",
					"$(ID_SDK_ROOT)/external/workflow",
					icons,
					"$ID_SDK_ROOT/source/**",
				);
				SDKROOT = macosx;
				WARNING_CFLAGS = (
					"-Wimplicit",
					"-Wsequence-point",
					"-Winit-self",
					"-Wmissing-field-initializers",
					"-Wpointer-arith",
					"-Wpacked",
					"-Wno-unused-parameter",
					"-Wno-unused-variable",
					"-Wno-write-strings",
					"-Wno-format",
					"-Wno-deprecated",
					"-Wformat-security",
					"-Wno-cast-align",
					"-Wno-logical-op-parentheses",
					"-Wno-c++11-extensions",
					"-Wno-switch-enum",
					"-Wno-char-subscripts",
					"-Wno-return-stack-address",
					"-Wno-parentheses-equality",
					"-Wno-unused-function",
					"-Wno-empty-body",
					"-Wno-out-of-line-declaration",
					"-Wno-return-type-c-linkage",
					"-Wno-invalid-source-encoding",
					"-Wno-shadow",
					"-Wno-#pragma-messages",
					"-Wno-inline-new-delete",
				);
			};
			name = Client-2026;
		};
		5E5407D000000000C0DE2026 /* Default */ = {
			isa = XCBuildConfiguration;
			baseConfigurationReference = 5E54076300000000C0DE2026 /* DocLibRelease_2026.xcconfig */;
			buildSettings = {
				APL_HEADER_SEARCH_PATHS = "$(ASL_HEADER_ROOT_SEARCH_PATH)/adobe_platform_libraries $(ASL_HEADER_ROOT_SEARCH_PATH)/adobe_platform_libraries";
				BUILT_PRODUCTS_DIR = "$(ID_BUILT_SDK_SAMPLES_DIR)";
				CLANG_ENABLE_OBJC_WEAK = YES;
				CODE_SIGN_IDENTITY = "Developer ID Application";
				CODE_SIGN_STYLE = Manual;
				COMBINE_HIDPI_IMAGES = YES;
				DEVELOPMENT_TEAM = 3WBLWC32YG;
				FRAMEWORK_SEARCH_PATHS = (
					"$(inherited)",
					"$(ID_SDK_ROOT)/build/mac/release_cocoa64/packagefolder/contents/macos",
				);
				GCC_TREAT_WARNINGS_AS_ERRORS = NO;
				HEADER_SEARCH_PATHS = (
					"$(HEADER_SEARCH_PATHS)",
					$ID_SDK_ROOT/source/public/interfaces/tables,
					$ID_SDK_ROOT/source/public/components/widgetbin/includes,
					$ID_SDK_ROOT/source/public/interfaces/workgroup,
					$ID_SDK_ROOT/source/public/interfaces/interactive,
					$ID_SDK_ROOT/source/public/interfaces/interactive/ui,
					$ID_SDK_ROOT/source/public/interfaces/colormgmt,
					$ID_SDK_ROOT/source/public/interfaces/incopy,
					$ID_SDK_ROOT/source/public/interfaces/cjk,
					$ID_SDK_ROOT/source/public/facades/graphics,
					$ID_SDK_ROOT/source/public/facades/text,
					$ID_SDK_ROOT/source/public/facades/layout,
					$ID_SDK_ROOT/source/public/components/publiclib/plugins,
					$ID_SDK_ROOT/source/public/components/publiclib/files,
					$ID_SDK_ROOT/source/public/components/publiclib/objectmodel,
					$ID_SDK_ROOT/source/sdksamples/common,
					$ID_SDK_ROOT/external/afl/includes,
					source,
					$ID_SDK_ROOT/external/dva/third_party/boost_libraries,
				);
				LIBRARY_SEARCH_PATHS = (
					"$(inherited)",
					"$(ID_SDK_ROOT)",
					"$(ID_SDK_ROOT)/build/mac/release_cocoa64/packagefolder/contents/macos/libs",
					"$(ID_SDK_ROOT)/build/mac/release_cocoa64/packagefolder/contents/macos",
					"$(PROJECT_DIR)",
				);
				OTHER_LDFLAGS = (
					"-Xlinker",
					"-no_data_in_code_info",
					"-ld_classic",
					"-framework",
					CoreFoundation,
					"-framework",
					CFNetwork,
					"-framework",
					SystemConfiguration,
					"-framework",
					Security,
					"-lz",
					"-framework",
					"InDesignModel",
					"-lPublicPlugIn",
				);
				PROVISIONING_PROFILE_SPECIFIER = "";
				REZ_SEARCH_PATHS = (
					"$(ID_COMMON_REZ_SEARCH_PATHS)",
					"$(ID_SDK_ROOT)/external/palettes",
					"$(ID_SDK_ROOT)/external/workflow",
					icons,
					"$ID_SDK_ROOT/source/**",
				);
				SDKROOT = macosx;
				WARNING_CFLAGS = (
					"-Wimplicit",
					"-Wsequence-point",
					"-Winit-self",
					"-Wmissing-field-initializers",
					"-Wpointer-arith",
					"-Wpacked",
					"-Wno-unused-parameter",
					"-Wno-unused-variable",
					"-Wno-write-strings",
					"-Wno-format",
					"-Wno-deprecated",
					"-Wformat-security",
					"-Wno-cast-align",
					"-Wno-logical-op-parentheses",
					"-Wno-c++11-extensions",
					"-Wno-switch-enum",
					"-Wno-char-subscripts",
					"-Wno-return-stack-address",
					"-Wno-parentheses-equality",
					"-Wno-unused-function",
					"-Wno-empty-body",
					"-Wno-out-of-line-declaration",
					"-Wno-return-type-c-linkage",
					"-Wno-invalid-source-encoding",
					"-Wno-shadow",
					"-Wno-#pragma-messages",
					"-Wno-inline-new-delete",
				);
			};
			name = Server-2026;
		};
		5E5407D000000000C0DE2025 /* Default */ = {
			isa = XCBuildConfiguration;
			baseConfigurationReference = 5E54076300000000C0DE2025 /* DocLibRelease_2025.xcconfig */;
			buildSettings = {
				APL_HEADER_SEARCH_PATHS = "$(ASL_HEADER_ROOT_SEARCH_PATH)/adobe_platform_libraries $(ASL_HEADER_ROOT_SEARCH_PATH)/adobe_platform_libraries";
				BUILT_PRODUCTS_DIR = "$(ID_BUILT_SDK_SAMPLES_DIR)";
				CLANG_ENABLE_OBJC_WEAK = YES;
				CODE_SIGN_IDENTITY = "Developer ID Application";
				CODE_SIGN_STYLE = Manual;
				COMBINE_HIDPI_IMAGES = YES;
				DEVELOPMENT_TEAM = 3WBLWC32YG;
				FRAMEWORK_SEARCH_PATHS = (
					"$(inherited)",
					"$(ID_SDK_ROOT)/build/mac/release_cocoa64/packagefolder/contents/macos",
				);
				GCC_TREAT_WARNINGS_AS_ERRORS = NO;
				HEADER_SEARCH_PATHS = (
					"$(HEADER_SEARCH_PATHS)",
					$ID_SDK_ROOT/source/public/interfaces/tables,
					$ID_SDK_ROOT/source/public/components/widgetbin/includes,
					$ID_SDK_ROOT/source/public/interfaces/workgroup,
					$ID_SDK_ROOT/source/public/interfaces/interactive,
					$ID_SDK_ROOT/source/public/interfaces/interactive/ui,
					$ID_SDK_ROOT/source/public/interfaces/colormgmt,
					$ID_SDK_ROOT/source/public/interfaces/incopy,
					$ID_SDK_ROOT/source/public/interfaces/cjk,
					$ID_SDK_ROOT/source/public/facades/graphics,
					$ID_SDK_ROOT/source/public/facades/text,
					$ID_SDK_ROOT/source/public/facades/layout,
					$ID_SDK_ROOT/source/public/components/publiclib/plugins,
					$ID_SDK_ROOT/source/public/components/publiclib/files,
					$ID_SDK_ROOT/source/public/components/publiclib/objectmodel,
					$ID_SDK_ROOT/source/sdksamples/common,
					$ID_SDK_ROOT/external/afl/includes,
					source,
					$ID_SDK_ROOT/external/dva/third_party/boost_libraries,
				);
				LIBRARY_SEARCH_PATHS = (
					"$(inherited)",
					"$(ID_SDK_ROOT)",
					"$(ID_SDK_ROOT)/build/mac/release_cocoa64/packagefolder/contents/macos/libs",
					"$(ID_SDK_ROOT)/build/mac/release_cocoa64/packagefolder/contents/macos",
					"$(PROJECT_DIR)",
				);
				OTHER_LDFLAGS = (
					"-Xlinker",
					"-no_data_in_code_info",
					"-ld_classic",
					"-framework",
					CoreFoundation,
					"-framework",
					CFNetwork,
					"-framework",
					SystemConfiguration,
					"-framework",
					Security,
					"-lz",
					"-framework",
					"InDesignModel",
					"-lPublicPlugIn",
				);
				PROVISIONING_PROFILE_SPECIFIER = "";
				REZ_SEARCH_PATHS = (
					"$(ID_COMMON_REZ_SEARCH_PATHS)",
					"$(ID_SDK_ROOT)/external/palettes",
					"$(ID_SDK_ROOT)/external/workflow",
					icons,
					"$ID_SDK_ROOT/source/**",
				);
				SDKROOT = macosx;
				WARNING_CFLAGS = (
					"-Wimplicit",
					"-Wsequence-point",
					"-Winit-self",
					"-Wmissing-field-initializers",
					"-Wpointer-arith",
					"-Wpacked",
					"-Wno-unused-parameter",
					"-Wno-unused-variable",
					"-Wno-write-strings",
					"-Wno-format",
					"-Wno-deprecated",
					"-Wformat-security",
					"-Wno-cast-align",
					"-Wno-logical-op-parentheses",
					"-Wno-c++11-extensions",
					"-Wno-switch-enum",
					"-Wno-char-subscripts",
					"-Wno-return-stack-address",
					"-Wno-parentheses-equality",
					"-Wno-unused-function",
					"-Wno-empty-body",
					"-Wno-out-of-line-declaration",
					"-Wno-return-type-c-linkage",
					"-Wno-invalid-source-encoding",
					"-Wno-shadow",
					"-Wno-#pragma-messages",
					"-Wno-inline-new-delete",
				);
			};
			name = Client-2025;
		};
		5E5407D100000000C0DE2025 /* Default */ = {
			isa = XCBuildConfiguration;
			baseConfigurationReference = 5E54076300000000C0DE2025 /* DocLibRelease_2025.xcconfig */;
			buildSettings = {
				APL_HEADER_SEARCH_PATHS = "$(ASL_HEADER_ROOT_SEARCH_PATH)/adobe_platform_libraries $(ASL_HEADER_ROOT_SEARCH_PATH)/adobe_platform_libraries";
				BUILT_PRODUCTS_DIR = "$(ID_BUILT_SDK_SAMPLES_DIR)";
				CLANG_ENABLE_OBJC_WEAK = YES;
				CODE_SIGN_IDENTITY = "Developer ID Application";
				CODE_SIGN_STYLE = Manual;
				COMBINE_HIDPI_IMAGES = YES;
				DEVELOPMENT_TEAM = 3WBLWC32YG;
				FRAMEWORK_SEARCH_PATHS = (
					"$(inherited)",
					"$(ID_SDK_ROOT)/build/mac/release_cocoa64/packagefolder/contents/macos",
				);
				GCC_TREAT_WARNINGS_AS_ERRORS = NO;
				HEADER_SEARCH_PATHS = (
					"$(HEADER_SEARCH_PATHS)",
					$ID_SDK_ROOT/source/public/interfaces/tables,
					$ID_SDK_ROOT/source/public/components/widgetbin/includes,
					$ID_SDK_ROOT/source/public/interfaces/workgroup,
					$ID_SDK_ROOT/source/public/interfaces/interactive,
					$ID_SDK_ROOT/source/public/interfaces/interactive/ui,
					$ID_SDK_ROOT/source/public/interfaces/colormgmt,
					$ID_SDK_ROOT/source/public/interfaces/incopy,
					$ID_SDK_ROOT/source/public/interfaces/cjk,
					$ID_SDK_ROOT/source/public/facades/graphics,
					$ID_SDK_ROOT/source/public/facades/text,
					$ID_SDK_ROOT/source/public/facades/layout,
					$ID_SDK_ROOT/source/public/components/publiclib/plugins,
					$ID_SDK_ROOT/source/public/components/publiclib/files,
					$ID_SDK_ROOT/source/public/components/publiclib/objectmodel,
					$ID_SDK_ROOT/source/sdksamples/common,
					$ID_SDK_ROOT/external/afl/includes,
					source,
					$ID_SDK_ROOT/external/dva/third_party/boost_libraries,
				);
				LIBRARY_SEARCH_PATHS = (
					"$(inherited)",
					"$(ID_SDK_ROOT)",
					"$(ID_SDK_ROOT)/build/mac/release_cocoa64/packagefolder/contents/macos/libs",
					"$(ID_SDK_ROOT)/build/mac/release_cocoa64/packagefolder/contents/macos",
					"$(PROJECT_DIR)",
				);
				OTHER_LDFLAGS = (
					"-Xlinker",
					"-no_data_in_code_info",
					"-ld_classic",
					"-framework",
					CoreFoundation,
					"-framework",
					CFNetwork,
					"-framework",
					SystemConfiguration,
					"-framework",
					Security,
					"-lz",
					"-framework",
					"InDesignModel",
					"-lPublicPlugIn",
				);
				PROVISIONING_PROFILE_SPECIFIER = "";
				REZ_SEARCH_PATHS = (
					"$(ID_COMMON_REZ_SEARCH_PATHS)",
					"$(ID_SDK_ROOT)/external/palettes",
					"$(ID_SDK_ROOT)/external/workflow",
					icons,
					"$ID_SDK_ROOT/source/**",
				);
				SDKROOT = macosx;
				WARNING_CFLAGS = (
					"-Wimplicit",
					"-Wsequence-point",
					"-Winit-self",
					"-Wmissing-field-initializers",
					"-Wpointer-arith",
					"-Wpacked",
					"-Wno-unused-parameter",
					"-Wno-unused-variable",
					"-Wno-write-strings",
					"-Wno-format",
					"-Wno-deprecated",
					"-Wformat-security",
					"-Wno-cast-align",
					"-Wno-logical-op-parentheses",
					"-Wno-c++11-extensions",
					"-Wno-switch-enum",
					"-Wno-char-subscripts",
					"-Wno-return-stack-address",
					"-Wno-parentheses-equality",
					"-Wno-unused-function",
					"-Wno-empty-body",
					"-Wno-out-of-line-declaration",
					"-Wno-return-type-c-linkage",
					"-Wno-invalid-source-encoding",
					"-Wno-shadow",
					"-Wno-#pragma-messages",
					"-Wno-inline-new-delete",
				);
			};
			name = Server-2025;
		};
		5E5407D200000000C0DE2026 /* Default */ = {
			isa = XCBuildConfiguration;
			baseConfigurationReference = 5E54076300000000C0DE2026 /* DocLibRelease_2026.xcconfig */;
			buildSettings = {
				ARCHS = x86_64;
				APL_HEADER_SEARCH_PATHS = "$(ASL_HEADER_ROOT_SEARCH_PATH)/adobe_platform_libraries $(ASL_HEADER_ROOT_SEARCH_PATH)/adobe_platform_libraries";
				BUILT_PRODUCTS_DIR = "$(ID_BUILT_SDK_SAMPLES_DIR)";
				CLANG_ENABLE_OBJC_WEAK = YES;
				CODE_SIGN_IDENTITY = "Developer ID Application";
				CODE_SIGN_STYLE = Manual;
				COMBINE_HIDPI_IMAGES = YES;
				DEVELOPMENT_TEAM = 3WBLWC32YG;
				FRAMEWORK_SEARCH_PATHS = (
					"$(inherited)",
					"$(ID_SDK_ROOT)/build/mac/release_cocoa64/packagefolder/contents/macos",
				);
				GCC_TREAT_WARNINGS_AS_ERRORS = NO;
				HEADER_SEARCH_PATHS = (
					"$(HEADER_SEARCH_PATHS)",
					$ID_SDK_ROOT/source/public/interfaces/tables,
					$ID_SDK_ROOT/source/public/components/widgetbin/includes,
					$ID_SDK_ROOT/source/public/interfaces/workgroup,
					$ID_SDK_ROOT/source/public/interfaces/interactive,
					$ID_SDK_ROOT/source/public/interfaces/interactive/ui,
					$ID_SDK_ROOT/source/public/interfaces/colormgmt,
					$ID_SDK_ROOT/source/public/interfaces/incopy,
					$ID_SDK_ROOT/source/public/interfaces/cjk,
					$ID_SDK_ROOT/source/public/facades/graphics,
					$ID_SDK_ROOT/source/public/facades/text,
					$ID_SDK_ROOT/source/public/facades/layout,
					$ID_SDK_ROOT/source/public/components/publiclib/plugins,
					$ID_SDK_ROOT/source/public/components/publiclib/files,
					$ID_SDK_ROOT/source/public/components/publiclib/objectmodel,
					$ID_SDK_ROOT/source/sdksamples/common,
					$ID_SDK_ROOT/external/afl/includes,
					source,
					$ID_SDK_ROOT/external/dva/third_party/boost_libraries,
				);
				LIBRARY_SEARCH_PATHS = (
					"$(inherited)",
					"$(ID_SDK_ROOT)",
					"$(ID_SDK_ROOT)/build/mac/release_cocoa64/packagefolder/contents/macos/libs",
					"$(ID_SDK_ROOT)/build/mac/release_cocoa64/packagefolder/contents/macos",
					"$(PROJECT_DIR)",
				);
				OTHER_LDFLAGS = (
					"-Xlinker",
					"-no_data_in_code_info",
					"-ld_classic",
					"-framework",
					CoreFoundation,
					"-framework",
					CFNetwork,
					"-framework",
					SystemConfiguration,
					"-framework",
					Security,
					"-lz",
					"-framework",
					"InDesignModel",
					"-lPublicPlugIn",
				);
				PROVISIONING_PROFILE_SPECIFIER = "";
				REZ_SEARCH_PATHS = (
					"$(ID_COMMON_REZ_SEARCH_PATHS)",
					"$(ID_SDK_ROOT)/external/palettes",
					"$(ID_SDK_ROOT)/external/workflow",
					icons,
					"$ID_SDK_ROOT/source/**",
				);
				SDKROOT = macosx;
				WARNING_CFLAGS = (
					"-Wimplicit",
					"-Wsequence-point",
					"-Winit-self",
					"-Wmissing-field-initializers",
					"-Wpointer-arith",
					"-Wpacked",
					"-Wno-unused-parameter",
					"-Wno-unused-variable",
					"-Wno-write-strings",
					"-Wno-format",
					"-Wno-deprecated",
					"-Wformat-security",
					"-Wno-cast-align",
					"-Wno-logical-op-parentheses",
					"-Wno-c++11-extensions",
					"-Wno-switch-enum",
					"-Wno-char-subscripts",
					"-Wno-return-stack-address",
					"-Wno-parentheses-equality",
					"-Wno-unused-function",
					"-Wno-empty-body",
					"-Wno-out-of-line-declaration",
					"-Wno-return-type-c-linkage",
					"-Wno-invalid-source-encoding",
					"-Wno-shadow",
					"-Wno-#pragma-messages",
					"-Wno-inline-new-delete",
				);
			};
			name = Client-2026-Intel;
		};
		5E5407D300000000C0DE2025 /* Default */ = {
			isa = XCBuildConfiguration;
			baseConfigurationReference = 5E54076300000000C0DE2025 /* DocLibRelease_2025.xcconfig */;
			buildSettings = {
				ARCHS = x86_64;
				APL_HEADER_SEARCH_PATHS = "$(ASL_HEADER_ROOT_SEARCH_PATH)/adobe_platform_libraries $(ASL_HEADER_ROOT_SEARCH_PATH)/adobe_platform_libraries";
				BUILT_PRODUCTS_DIR = "$(ID_BUILT_SDK_SAMPLES_DIR)";
				CLANG_ENABLE_OBJC_WEAK = YES;
				CODE_SIGN_IDENTITY = "Developer ID Application";
				CODE_SIGN_STYLE = Manual;
				COMBINE_HIDPI_IMAGES = YES;
				DEVELOPMENT_TEAM = 3WBLWC32YG;
				FRAMEWORK_SEARCH_PATHS = (
					"$(inherited)",
					"$(ID_SDK_ROOT)/build/mac/release_cocoa64/packagefolder/contents/macos",
				);
				GCC_TREAT_WARNINGS_AS_ERRORS = NO;
				HEADER_SEARCH_PATHS = (
					"$(HEADER_SEARCH_PATHS)",
					$ID_SDK_ROOT/source/public/interfaces/tables,
					$ID_SDK_ROOT/source/public/components/widgetbin/includes,
					$ID_SDK_ROOT/source/public/interfaces/workgroup,
					$ID_SDK_ROOT/source/public/interfaces/interactive,
					$ID_SDK_ROOT/source/public/interfaces/interactive/ui,
					$ID_SDK_ROOT/source/public/interfaces/colormgmt,
					$ID_SDK_ROOT/source/public/interfaces/incopy,
					$ID_SDK_ROOT/source/public/interfaces/cjk,
					$ID_SDK_ROOT/source/public/facades/graphics,
					$ID_SDK_ROOT/source/public/facades/text,
					$ID_SDK_ROOT/source/public/facades/layout,
					$ID_SDK_ROOT/source/public/components/publiclib/plugins,
					$ID_SDK_ROOT/source/public/components/publiclib/files,
					$ID_SDK_ROOT/source/public/components/publiclib/objectmodel,
					$ID_SDK_ROOT/source/sdksamples/common,
					$ID_SDK_ROOT/external/afl/includes,
					source,
					$ID_SDK_ROOT/external/dva/third_party/boost_libraries,
				);
				LIBRARY_SEARCH_PATHS = (
					"$(inherited)",
					"$(ID_SDK_ROOT)",
					"$(ID_SDK_ROOT)/build/mac/release_cocoa64/packagefolder/contents/macos/libs",
					"$(ID_SDK_ROOT)/build/mac/release_cocoa64/packagefolder/contents/macos",
					"$(PROJECT_DIR)",
				);
				OTHER_LDFLAGS = (
					"-Xlinker",
					"-no_data_in_code_info",
					"-ld_classic",
					"-framework",
					CoreFoundation,
					"-framework",
					CFNetwork,
					"-framework",
					SystemConfiguration,
					"-framework",
					Security,
					"-lz",
					"-framework",
					"InDesignModel",
					"-lPublicPlugIn",
				);
				PROVISIONING_PROFILE_SPECIFIER = "";
				REZ_SEARCH_PATHS = (
					"$(ID_COMMON_REZ_SEARCH_PATHS)",
					"$(ID_SDK_ROOT)/external/palettes",
					"$(ID_SDK_ROOT)/external/workflow",
					icons,
					"$ID_SDK_ROOT/source/**",
				);
				SDKROOT = macosx;
				WARNING_CFLAGS = (
					"-Wimplicit",
					"-Wsequence-point",
					"-Winit-self",
					"-Wmissing-field-initializers",
					"-Wpointer-arith",
					"-Wpacked",
					"-Wno-unused-parameter",
					"-Wno-unused-variable",
					"-Wno-write-strings",
					"-Wno-format",
					"-Wno-deprecated",
					"-Wformat-security",
					"-Wno-cast-align",
					"-Wno-logical-op-parentheses",
					"-Wno-c++11-extensions",
					"-Wno-switch-enum",
					"-Wno-char-subscripts",
					"-Wno-return-stack-address",
					"-Wno-parentheses-equality",
					"-Wno-unused-function",
					"-Wno-empty-body",
					"-Wno-out-of-line-declaration",
					"-Wno-return-type-c-linkage",
					"-Wno-invalid-source-encoding",
					"-Wno-shadow",
					"-Wno-#pragma-messages",
					"-Wno-inline-new-delete",
				);
			};
			name = Client-2025-Intel;
		};
/* End XCBuildConfiguration section */

/* Begin XCConfigurationList section */
		4B05EEB008840E8D00D809E1 /* Build configuration list for PBXProject "DocLib" */ = {
			isa = XCConfigurationList;
			buildConfigurations = (
				4B05EEB108840E8D00D809E1 /* Client-2026 */,
				5E5407C000000000C0DE2026 /* Server-2026 */,
				5E5407C000000000C0DE2025 /* Client-2025 */,
				5E5407C100000000C0DE2025 /* Server-2025 */,
				5E5407C200000000C0DE2026 /* Client-2026-Intel */,
				5E5407C300000000C0DE2025 /* Client-2025-Intel */,
			);
			defaultConfigurationIsVisible = 1;
			defaultConfigurationName = Client-2026;
		};
		F957087015C90B3E00C95573 /* Build configuration list for PBXNativeTarget "Release_Cocoa64" */ = {
			isa = XCConfigurationList;
			buildConfigurations = (
				F957087115C90B3E00C95573 /* Client-2026 */,
				5E5407D000000000C0DE2026 /* Server-2026 */,
				5E5407D000000000C0DE2025 /* Client-2025 */,
				5E5407D100000000C0DE2025 /* Server-2025 */,
				5E5407D200000000C0DE2026 /* Client-2026-Intel */,
				5E5407D300000000C0DE2025 /* Client-2025-Intel */,
			);
			defaultConfigurationIsVisible = 0;
			defaultConfigurationName = Client-2026;
		};
/* End XCConfigurationList section */
	};
	rootObject = 4B05EEAF08840E8D00D809E1 /* Project object */;
}
